// !$*UTF8*$!
{
	archiveVersion = 1;
	classes = {
	};
	objectVersion = 50;
	objects = {

/* Begin PBXBuildFile section */
		3E0FD98924A43BBB0036FA90 /* AppDelegate.swift in Sources */ = {isa = PBXBuildFile; fileRef = 3E0FD98824A43BBB0036FA90 /* AppDelegate.swift */; };
		3E0FD98B24A43BBB0036FA90 /* BloodPressureVC.swift in Sources */ = {isa = PBXBuildFile; fileRef = 3E0FD98A24A43BBB0036FA90 /* BloodPressureVC.swift */; };
		3E0FD98E24A43BBC0036FA90 /* Main.storyboard in Resources */ = {isa = PBXBuildFile; fileRef = 3E0FD98C24A43BBC0036FA90 /* Main.storyboard */; };
		3E0FD99024A43BE80036FA90 /* Assets.xcassets in Resources */ = {isa = PBXBuildFile; fileRef = 3E0FD98F24A43BE80036FA90 /* Assets.xcassets */; };
		3E0FD99324A43BE80036FA90 /* LaunchScreen.storyboard in Resources */ = {isa = PBXBuildFile; fileRef = 3E0FD99124A43BE80036FA90 /* LaunchScreen.storyboard */; };
		3E0FD99C24A44F5C0036FA90 /* Api.swift in Sources */ = {isa = PBXBuildFile; fileRef = 3E0FD99B24A44F5C0036FA90 /* Api.swift */; };
		5575E5170615688C2826B487 /* Pods_Blood_pressure.framework in Frameworks */ = {isa = PBXBuildFile; fileRef = 2DB45A6E022410FC6E30349E /* Pods_Blood_pressure.framework */; };
/* End PBXBuildFile section */

/* Begin PBXFileReference section */
		2DB45A6E022410FC6E30349E /* Pods_Blood_pressure.framework */ = {isa = PBXFileReference; explicitFileType = wrapper.framework; includeInIndex = 0; path = Pods_Blood_pressure.framework; sourceTree = BUILT_PRODUCTS_DIR; };
		3E0FD98524A43BBB0036FA90 /* Blood pressure.app */ = {isa = PBXFileReference; explicitFileType = wrapper.application; includeInIndex = 0; path = "Blood pressure.app"; sourceTree = BUILT_PRODUCTS_DIR; };
		3E0FD98824A43BBB0036FA90 /* AppDelegate.swift */ = {isa = PBXFileReference; lastKnownFileType = sourcecode.swift; path = AppDelegate.swift; sourceTree = "<group>"; };
		3E0FD98A24A43BBB0036FA90 /* BloodPressureVC.swift */ = {isa = PBXFileReference; lastKnownFileType = sourcecode.swift; path = BloodPressureVC.swift; sourceTree = "<group>"; };
		3E0FD98D24A43BBC0036FA90 /* Base */ = {isa = PBXFileReference; lastKnownFileType = file.storyboard; name = Base; path = Base.lproj/Main.storyboard; sourceTree = "<group>"; };
		3E0FD98F24A43BE80036FA90 /* Assets.xcassets */ = {isa = PBXFileReference; lastKnownFileType = folder.assetcatalog; path = Assets.xcassets; sourceTree = "<group>"; };
		3E0FD99224A43BE80036FA90 /* Base */ = {isa = PBXFileReference; lastKnownFileType = file.storyboard; name = Base; path = Base.lproj/LaunchScreen.storyboard; sourceTree = "<group>"; };
		3E0FD99424A43BE80036FA90 /* Info.plist */ = {isa = PBXFileReference; lastKnownFileType = text.plist.xml; path = Info.plist; sourceTree = "<group>"; };
		3E0FD99B24A44F5C0036FA90 /* Api.swift */ = {isa = PBXFileReference; lastKnownFileType = sourcecode.swift; path = Api.swift; sourceTree = "<group>"; };
		B73874ABE631DDDC3BFF6A8D /* Pods-Blood pressure.release.xcconfig */ = {isa = PBXFileReference; includeInIndex = 1; lastKnownFileType = text.xcconfig; name = "Pods-Blood pressure.release.xcconfig"; path = "Target Support Files/Pods-Blood pressure/Pods-Blood pressure.release.xcconfig"; sourceTree = "<group>"; };
		D385E14559C5D7FCFDFD1F12 /* Pods-Blood pressure.debug.xcconfig */ = {isa = PBXFileReference; includeInIndex = 1; lastKnownFileType = text.xcconfig; name = "Pods-Blood pressure.debug.xcconfig"; path = "Target Support Files/Pods-Blood pressure/Pods-Blood pressure.debug.xcconfig"; sourceTree = "<group>"; };
/* End PBXFileReference section */

/* Begin PBXFrameworksBuildPhase section */
		3E0FD98224A43BBA0036FA90 /* Frameworks */ = {
			isa = PBXFrameworksBuildPhase;
			buildActionMask = 2147483647;
			files = (
				5575E5170615688C2826B487 /* Pods_Blood_pressure.framework in Frameworks */,
			);
			runOnlyForDeploymentPostprocessing = 0;
		};
/* End PBXFrameworksBuildPhase section */

/* Begin PBXGroup section */
		08169EC69FD16D22F286138E /* Pods */ = {
			isa = PBXGroup;
			children = (
				D385E14559C5D7FCFDFD1F12 /* Pods-Blood pressure.debug.xcconfig */,
				B73874ABE631DDDC3BFF6A8D /* Pods-Blood pressure.release.xcconfig */,
			);
			path = Pods;
			sourceTree = "<group>";
		};
		3E0FD97C24A43BBA0036FA90 = {
			isa = PBXGroup;
			children = (
				3E0FD98724A43BBB0036FA90 /* Blood pressure */,
				3E0FD98624A43BBB0036FA90 /* Products */,
				08169EC69FD16D22F286138E /* Pods */,
				C209FAF944F9EEBC70673E43 /* Frameworks */,
			);
			sourceTree = "<group>";
		};
		3E0FD98624A43BBB0036FA90 /* Products */ = {
			isa = PBXGroup;
			children = (
				3E0FD98524A43BBB0036FA90 /* Blood pressure.app */,
			);
			name = Products;
			sourceTree = "<group>";
		};
		3E0FD98724A43BBB0036FA90 /* Blood pressure */ = {
			isa = PBXGroup;
			children = (
				3E0FD99A24A44F4A0036FA90 /* Api */,
				3E0FD98824A43BBB0036FA90 /* AppDelegate.swift */,
				3E0FD98A24A43BBB0036FA90 /* BloodPressureVC.swift */,
				3E0FD98C24A43BBC0036FA90 /* Main.storyboard */,
				3E0FD98F24A43BE80036FA90 /* Assets.xcassets */,
				3E0FD99124A43BE80036FA90 /* LaunchScreen.storyboard */,
				3E0FD99424A43BE80036FA90 /* Info.plist */,
			);
			path = "Blood pressure";
			sourceTree = "<group>";
		};
		3E0FD99A24A44F4A0036FA90 /* Api */ = {
			isa = PBXGroup;
			children = (
				3E0FD99B24A44F5C0036FA90 /* Api.swift */,
			);
			path = Api;
			sourceTree = "<group>";
		};
		C209FAF944F9EEBC70673E43 /* Frameworks */ = {
			isa = PBXGroup;
			children = (
				2DB45A6E022410FC6E30349E /* Pods_Blood_pressure.framework */,
			);
			name = Frameworks;
			sourceTree = "<group>";
		};
/* End PBXGroup section */

/* Begin PBXNativeTarget section */
		3E0FD98424A43BBA0036FA90 /* Blood pressure */ = {
			isa = PBXNativeTarget;
			buildConfigurationList = 3E0FD99724A43BE80036FA90 /* Build configuration list for PBXNativeTarget "Blood pressure" */;
			buildPhases = (
				5B7ED88E860E1671E296C55C /* [CP] Check Pods Manifest.lock */,
				3E0FD98124A43BBA0036FA90 /* Sources */,
				3E0FD98224A43BBA0036FA90 /* Frameworks */,
				3E0FD98324A43BBA0036FA90 /* Resources */,
				C51BDF46E61997168BBA6E9C /* [CP] Embed Pods Frameworks */,
			);
			buildRules = (
			);
			dependencies = (
			);
			name = "Blood pressure";
			productName = "Blood pressure";
			productReference = 3E0FD98524A43BBB0036FA90 /* Blood pressure.app */;
			productType = "com.apple.product-type.application";
		};
/* End PBXNativeTarget section */

/* Begin PBXProject section */
		3E0FD97D24A43BBA0036FA90 /* Project object */ = {
			isa = PBXProject;
			attributes = {
				LastSwiftUpdateCheck = 0940;
				LastUpgradeCheck = 0940;
				ORGANIZATIONNAME = "Alaa Adel";
				TargetAttributes = {
					3E0FD98424A43BBA0036FA90 = {
						CreatedOnToolsVersion = 9.4.1;
					};
				};
			};
			buildConfigurationList = 3E0FD98024A43BBA0036FA90 /* Build configuration list for PBXProject "Blood pressure" */;
			compatibilityVersion = "Xcode 9.3";
			developmentRegion = en;
			hasScannedForEncodings = 0;
			knownRegions = (
				en,
				Base,
			);
			mainGroup = 3E0FD97C24A43BBA0036FA90;
			productRefGroup = 3E0FD98624A43BBB0036FA90 /* Products */;
			projectDirPath = "";
			projectRoot = "";
			targets = (
				3E0FD98424A43BBA0036FA90 /* Blood pressure */,
			);
		};
/* End PBXProject section */

/* Begin PBXResourcesBuildPhase section */
		3E0FD98324A43BBA0036FA90 /* Resources */ = {
			isa = PBXResourcesBuildPhase;
			buildActionMask = 2147483647;
			files = (
				3E0FD99324A43BE80036FA90 /* LaunchScreen.storyboard in Resources */,
				3E0FD99024A43BE80036FA90 /* Assets.xcassets in Resources */,
				3E0FD98E24A43BBC0036FA90 /* Main.storyboard in Resources */,
			);
			runOnlyForDeploymentPostprocessing = 0;
		};
/* End PBXResourcesBuildPhase section */

/* Begin PBXShellScriptBuildPhase section */
		5B7ED88E860E1671E296C55C /* [CP] Check Pods Manifest.lock */ = {
			isa = PBXShellScriptBuildPhase;
			buildActionMask = 2147483647;
			files = (
			);
			inputPaths = (
				"${PODS_PODFILE_DIR_PATH}/Podfile.lock",
				"${PODS_ROOT}/Manifest.lock",
			);
			name = "[CP] Check Pods Manifest.lock";
			outputPaths = (
				"$(DERIVED_FILE_DIR)/Pods-Blood pressure-checkManifestLockResult.txt",
			);
			runOnlyForDeploymentPostprocessing = 0;
			shellPath = /bin/sh;
			shellScript = "diff \"${PODS_PODFILE_DIR_PATH}/Podfile.lock\" \"${PODS_ROOT}/Manifest.lock\" > /dev/null\nif [ $? != 0 ] ; then\n    # print error to STDERR\n    echo \"error: The sandbox is not in sync with the Podfile.lock. Run 'pod install' or update your CocoaPods installation.\" >&2\n    exit 1\nfi\n# This output is used by Xcode 'outputs' to avoid re-running this script phase.\necho \"SUCCESS\" > \"${SCRIPT_OUTPUT_FILE_0}\"\n";
			showEnvVarsInLog = 0;
		};
		C51BDF46E61997168BBA6E9C /* [CP] Embed Pods Frameworks */ = {
			isa = PBXShellScriptBuildPhase;
			buildActionMask = 2147483647;
			files = (
			);
			name = "[CP] Embed Pods Frameworks";
			runOnlyForDeploymentPostprocessing = 0;
			shellPath = /bin/sh;
			shellScript = "\"${PODS_ROOT}/Target Support Files/Pods-Blood pressure/Pods-Blood pressure-frameworks.sh\"\n";
			showEnvVarsInLog = 0;
		};
/* End PBXShellScriptBuildPhase section */

/* Begin PBXSourcesBuildPhase section */
		3E0FD98124A43BBA0036FA90 /* Sources */ = {
			isa = PBXSourcesBuildPhase;
			buildActionMask = 2147483647;
			files = (
				3E0FD99C24A44F5C0036FA90 /* Api.swift in Sources */,
				3E0FD98B24A43BBB0036FA90 /* BloodPressureVC.swift in Sources */,
				3E0FD98924A43BBB0036FA90 /* AppDelegate.swift in Sources */,
			);
			runOnlyForDeploymentPostprocessing = 0;
		};
/* End PBXSourcesBuildPhase section */

/* Begin PBXVariantGroup section */
		3E0FD98C24A43BBC0036FA90 /* Main.storyboard */ = {
			isa = PBXVariantGroup;
			children = (
				3E0FD98D24A43BBC0036FA90 /* Base */,
			);
			name = Main.storyboard;
			sourceTree = "<group>";
		};
		3E0FD99124A43BE80036FA90 /* LaunchScreen.storyboard */ = {
			isa = PBXVariantGroup;
			children = (
				3E0FD99224A43BE80036FA90 /* Base */,
			);
			name = LaunchScreen.storyboard;
			sourceTree = "<group>";
		};
/* End PBXVariantGroup section */

/* Begin XCBuildConfiguration section */
		3E0FD99524A43BE80036FA90 /* Debug */ = {
			isa = XCBuildConfiguration;
			buildSettings = {
				ALWAYS_SEARCH_USER_PATHS = NO;
				CLANG_ANALYZER_NONNULL = YES;
				CLANG_ANALYZER_NUMBER_OBJECT_CONVERSION = YES_AGGRESSIVE;
				CLANG_CXX_LANGUAGE_STANDARD = "gnu++14";
				CLANG_CXX_LIBRARY = "libc++";
				CLANG_ENABLE_MODULES = YES;
				CLANG_ENABLE_OBJC_ARC = YES;
				CLANG_ENABLE_OBJC_WEAK = YES;
				CLANG_WARN_BLOCK_CAPTURE_AUTORELEASING = YES;
				CLANG_WARN_BOOL_CONVERSION = YES;
				CLANG_WARN_COMMA = YES;
				CLANG_WARN_CONSTANT_CONVERSION = YES;
				CLANG_WARN_DEPRECATED_OBJC_IMPLEMENTATIONS = YES;
				CLANG_WARN_DIRECT_OBJC_ISA_USAGE = YES_ERROR;
				CLANG_WARN_DOCUMENTATION_COMMENTS = YES;
				CLANG_WARN_EMPTY_BODY = YES;
				CLANG_WARN_ENUM_CONVERSION = YES;
				CLANG_WARN_INFINITE_RECURSION = YES;
				CLANG_WARN_INT_CONVERSION = YES;
				CLANG_WARN_NON_LITERAL_NULL_CONVERSION = YES;
				CLANG_WARN_OBJC_IMPLICIT_RETAIN_SELF = YES;
				CLANG_WARN_OBJC_LITERAL_CONVERSION = YES;
				CLANG_WARN_OBJC_ROOT_CLASS = YES_ERROR;
				CLANG_WARN_RANGE_LOOP_ANALYSIS = YES;
				CLANG_WARN_STRICT_PROTOTYPES = YES;
				CLANG_WARN_SUSPICIOUS_MOVE = YES;
				CLANG_WARN_UNGUARDED_AVAILABILITY = YES_AGGRESSIVE;
				CLANG_WARN_UNREACHABLE_CODE = YES;
				CLANG_WARN__DUPLICATE_METHOD_MATCH = YES;
				CODE_SIGN_IDENTITY = "iPhone Developer";
				COPY_PHASE_STRIP = NO;
				DEBUG_INFORMATION_FORMAT = dwarf;
				ENABLE_STRICT_OBJC_MSGSEND = YES;
				ENABLE_TESTABILITY = YES;
				GCC_C_LANGUAGE_STANDARD = gnu11;
				GCC_DYNAMIC_NO_PIC = NO;
				GCC_NO_COMMON_BLOCKS = YES;
				GCC_OPTIMIZATION_LEVEL = 0;
				GCC_PREPROCESSOR_DEFINITIONS = (
					"DEBUG=1",
					"$(inherited)",
				);
				GCC_WARN_64_TO_32_BIT_CONVERSION = YES;
				GCC_WARN_ABOUT_RETURN_TYPE = YES_ERROR;
				GCC_WARN_UNDECLARED_SELECTOR = YES;
				GCC_WARN_UNINITIALIZED_AUTOS = YES_AGGRESSIVE;
				GCC_WARN_UNUSED_FUNCTION = YES;
				GCC_WARN_UNUSED_VARIABLE = YES;
				IPHONEOS_DEPLOYMENT_TARGET = 11.4;
				MTL_ENABLE_DEBUG_INFO = YES;
				ONLY_ACTIVE_ARCH = YES;
				SDKROOT = iphoneos;
				SWIFT_ACTIVE_COMPILATION_CONDITIONS = DEBUG;
				SWIFT_OPTIMIZATION_LEVEL = "-Onone";
			};
			name = Debug;
		};
		3E0FD99624A43BE80036FA90 /* Release */ = {
			isa = XCBuildConfiguration;
			buildSettings = {
				ALWAYS_SEARCH_USER_PATHS = NO;
				CLANG_ANALYZER_NONNULL = YES;
				CLANG_ANALYZER_NUMBER_OBJECT_CONVERSION = YES_AGGRESSIVE;
				CLANG_CXX_LANGUAGE_STANDARD = "gnu++14";
				CLANG_CXX_LIBRARY = "libc++";
				CLANG_ENABLE_MODULES = YES;
				CLANG_ENABLE_OBJC_ARC = YES;
				CLANG_ENABLE_OBJC_WEAK = YES;
				CLANG_WARN_BLOCK_CAPTURE_AUTORELEASING = YES;
				CLANG_WARN_BOOL_CONVERSION = YES;
				CLANG_WARN_COMMA = YES;
				CLANG_WARN_CONSTANT_CONVERSION = YES;
				CLANG_WARN_DEPRECATED_OBJC_IMPLEMENTATIONS = YES;
				CLANG_WARN_DIRECT_OBJC_ISA_USAGE = YES_ERROR;
				CLANG_WARN_DOCUMENTATION_COMMENTS = YES;
				CLANG_WARN_EMPTY_BODY = YES;
				CLANG_WARN_ENUM_CONVERSION = YES;
				CLANG_WARN_INFINITE_RECURSION = YES;
				CLANG_WARN_INT_CONVERSION = YES;
				CLANG_WARN_NON_LITERAL_NULL_CONVERSION = YES;
				CLANG_WARN_OBJC_IMPLICIT_RETAIN_SELF = YES;
				CLANG_WARN_OBJC_LITERAL_CONVERSION = YES;
				CLANG_WARN_OBJC_ROOT_CLASS = YES_ERROR;
				CLANG_WARN_RANGE_LOOP_ANALYSIS = YES;
				CLANG_WARN_STRICT_PROTOTYPES = YES;
				CLANG_WARN_SUSPICIOUS_MOVE = YES;
				CLANG_WARN_UNGUARDED_AVAILABILITY = YES_AGGRESSIVE;
				CLANG_WARN_UNREACHABLE_CODE = YES;
				CLANG_WARN__DUPLICATE_METHOD_MATCH = YES;
				CODE_SIGN_IDENTITY = "iPhone Developer";
				COPY_PHASE_STRIP = NO;
				DEBUG_INFORMATION_FORMAT = "dwarf-with-dsym";
				ENABLE_NS_ASSERTIONS = NO;
				ENABLE_STRICT_OBJC_MSGSEND = YES;
				GCC_C_LANGUAGE_STANDARD = gnu11;
				GCC_NO_COMMON_BLOCKS = YES;
				GCC_WARN_64_TO_32_BIT_CONVERSION = YES;
				GCC_WARN_ABOUT_RETURN_TYPE = YES_ERROR;
				GCC_WARN_UNDECLARED_SELECTOR = YES;
				GCC_WARN_UNINITIALIZED_AUTOS = YES_AGGRESSIVE;
				GCC_WARN_UNUSED_FUNCTION = YES;
				GCC_WARN_UNUSED_VARIABLE = YES;
				IPHONEOS_DEPLOYMENT_TARGET = 11.4;
				MTL_ENABLE_DEBUG_INFO = NO;
				SDKROOT = iphoneos;
				SWIFT_COMPILATION_MODE = wholemodule;
				SWIFT_OPTIMIZATION_LEVEL = "-O";
				VALIDATE_PRODUCT = YES;
			};
			name = Release;
		};
		3E0FD99824A43BE80036FA90 /* Debug */ = {
			isa = XCBuildConfiguration;
			baseConfigurationReference = D385E14559C5D7FCFDFD1F12 /* Pods-Blood pressure.debug.xcconfig */;
			buildSettings = {
				ASSETCATALOG_COMPILER_APPICON_NAME = AppIcon;
				CODE_SIGN_STYLE = Automatic;
				INFOPLIST_FILE = "Blood pressure/Info.plist";
				LD_RUNPATH_SEARCH_PATHS = (
					"$(inherited)",
					"@executable_path/Frameworks",
				);
				PRODUCT_BUNDLE_IDENTIFIER = "alaa.adel.Blood-pressure";
				PRODUCT_NAME = "$(TARGET_NAME)";
				SWIFT_VERSION = 4.0;
				TARGETED_DEVICE_FAMILY = "1,2";
			};
			name = Debug;
		};
		3E0FD99924A43BE80036FA90 /* Release */ = {
			isa = XCBuildConfiguration;
			baseConfigurationReference = B73874ABE631DDDC3BFF6A8D /* Pods-Blood pressure.release.xcconfig */;
			buildSettings = {
				ASSETCATALOG_COMPILER_APPICON_NAME = AppIcon;
				CODE_SIGN_STYLE = Automatic;
				INFOPLIST_FILE = "Blood pressure/Info.plist";
				LD_RUNPATH_SEARCH_PATHS = (
					"$(inherited)",
					"@executable_path/Frameworks",
				);
				PRODUCT_BUNDLE_IDENTIFIER = "alaa.adel.Blood-pressure";
				PRODUCT_NAME = "$(TARGET_NAME)";
				SWIFT_VERSION = 4.0;
				TARGETED_DEVICE_FAMILY = "1,2";
			};
			name = Release;
		};
/* End XCBuildConfiguration section */

/* Begin XCConfigurationList section */
		3E0FD98024A43BBA0036FA90 /* Build configuration list for PBXProject "Blood pressure" */ = {
			isa = XCConfigurationList;
			buildConfigurations = (
				3E0FD99524A43BE80036FA90 /* Debug */,
				3E0FD99624A43BE80036FA90 /* Release */,
			);
			defaultConfigurationIsVisible = 0;
			defaultConfigurationName = Release;
		};
		3E0FD99724A43BE80036FA90 /* Build configuration list for PBXNativeTarget "Blood pressure" */ = {
			isa = XCConfigurationList;
			buildConfigurations = (
				3E0FD99824A43BE80036FA90 /* Debug */,
				3E0FD99924A43BE80036FA90 /* Release */,
			);
			defaultConfigurationIsVisible = 0;
			defaultConfigurationName = Release;
		};
/* End XCConfigurationList section */
	};
	rootObject = 3E0FD97D24A43BBA0036FA90 /* Project object */;
}
